// !$*UTF8*$!
{
	archiveVersion = 1;
	classes = {
	};
	objectVersion = 46;
	objects = {

/* Begin PBXBuildFile section */
		07F26CBF15D6BA6C0080F9B6 /* UIKit.framework in Frameworks */ = {isa = PBXBuildFile; fileRef = 07F26CBE15D6BA6C0080F9B6 /* UIKit.framework */; };
		07F26CC115D6BA6C0080F9B6 /* Foundation.framework in Frameworks */ = {isa = PBXBuildFile; fileRef = 07F26CC015D6BA6C0080F9B6 /* Foundation.framework */; };
		07F26CC315D6BA6C0080F9B6 /* CoreGraphics.framework in Frameworks */ = {isa = PBXBuildFile; fileRef = 07F26CC215D6BA6C0080F9B6 /* CoreGraphics.framework */; };
		07F26CC915D6BA6C0080F9B6 /* InfoPlist.strings in Resources */ = {isa = PBXBuildFile; fileRef = 07F26CC715D6BA6C0080F9B6 /* InfoPlist.strings */; };
		07F26CCB15D6BA6C0080F9B6 /* main.m in Sources */ = {isa = PBXBuildFile; fileRef = 07F26CCA15D6BA6C0080F9B6 /* main.m */; };
		07F26CCF15D6BA6C0080F9B6 /* AppDelegate.m in Sources */ = {isa = PBXBuildFile; fileRef = 07F26CCE15D6BA6C0080F9B6 /* AppDelegate.m */; };
		07F26CD215D6BA6C0080F9B6 /* MainStoryboard.storyboard in Resources */ = {isa = PBXBuildFile; fileRef = 07F26CD015D6BA6C0080F9B6 /* MainStoryboard.storyboard */; };
		07F26CE015D6BDAF0080F9B6 /* TableViewController.m in Sources */ = {isa = PBXBuildFile; fileRef = 07F26CDF15D6BDAF0080F9B6 /* TableViewController.m */; };
/* End PBXBuildFile section */

/* Begin PBXFileReference section */
		07F26CBA15D6BA6C0080F9B6 /* NSDateSumple.app */ = {isa = PBXFileReference; explicitFileType = wrapper.application; includeInIndex = 0; path = NSDateSumple.app; sourceTree = BUILT_PRODUCTS_DIR; };
		07F26CBE15D6BA6C0080F9B6 /* UIKit.framework */ = {isa = PBXFileReference; lastKnownFileType = wrapper.framework; name = UIKit.framework; path = System/Library/Frameworks/UIKit.framework; sourceTree = SDKROOT; };
		07F26CC015D6BA6C0080F9B6 /* Foundation.framework */ = {isa = PBXFileReference; lastKnownFileType = wrapper.framework; name = Foundation.framework; path = System/Library/Frameworks/Foundation.framework; sourceTree = SDKROOT; };
		07F26CC215D6BA6C0080F9B6 /* CoreGraphics.framework */ = {isa = PBXFileReference; lastKnownFileType = wrapper.framework; name = CoreGraphics.framework; path = System/Library/Frameworks/CoreGraphics.framework; sourceTree = SDKROOT; };
		07F26CC615D6BA6C0080F9B6 /* NSDateSumple-Info.plist */ = {isa = PBXFileReference; lastKnownFileType = text.plist.xml; path = "NSDateSumple-Info.plist"; sourceTree = "<group>"; };
		07F26CC815D6BA6C0080F9B6 /* en */ = {isa = PBXFileReference; lastKnownFileType = text.plist.strings; name = en; path = en.lproj/InfoPlist.strings; sourceTree = "<group>"; };
		07F26CCA15D6BA6C0080F9B6 /* main.m */ = {isa = PBXFileReference; lastKnownFileType = sourcecode.c.objc; path = main.m; sourceTree = "<group>"; };
		07F26CCC15D6BA6C0080F9B6 /* NSDateSumple-Prefix.pch */ = {isa = PBXFileReference; lastKnownFileType = sourcecode.c.h; path = "NSDateSumple-Prefix.pch"; sourceTree = "<group>"; };
		07F26CCD15D6BA6C0080F9B6 /* AppDelegate.h */ = {isa = PBXFileReference; lastKnownFileType = sourcecode.c.h; path = AppDelegate.h; sourceTree = "<group>"; };
		07F26CCE15D6BA6C0080F9B6 /* AppDelegate.m */ = {isa = PBXFileReference; lastKnownFileType = sourcecode.c.objc; path = AppDelegate.m; sourceTree = "<group>"; };
		07F26CD115D6BA6C0080F9B6 /* en */ = {isa = PBXFileReference; lastKnownFileType = file.storyboard; name = en; path = en.lproj/MainStoryboard.storyboard; sourceTree = "<group>"; };
		07F26CDE15D6BDAF0080F9B6 /* TableViewController.h */ = {isa = PBXFileReference; fileEncoding = 4; lastKnownFileType = sourcecode.c.h; name = TableViewController.h; path = ../TableViewController.h; sourceTree = "<group>"; };
		07F26CDF15D6BDAF0080F9B6 /* TableViewController.m */ = {isa = PBXFileReference; fileEncoding = 4; lastKnownFileType = sourcecode.c.objc; name = TableViewController.m; path = ../TableViewController.m; sourceTree = "<group>"; };
/* End PBXFileReference section */

/* Begin PBXFrameworksBuildPhase section */
		07F26CB715D6BA6C0080F9B6 /* Frameworks */ = {
			isa = PBXFrameworksBuildPhase;
			buildActionMask = 2147483647;
			files = (
				07F26CBF15D6BA6C0080F9B6 /* UIKit.framework in Frameworks */,
				07F26CC115D6BA6C0080F9B6 /* Foundation.framework in Frameworks */,
				07F26CC315D6BA6C0080F9B6 /* CoreGraphics.framework in Frameworks */,
			);
			runOnlyForDeploymentPostprocessing = 0;
		};
/* End PBXFrameworksBuildPhase section */

/* Begin PBXGroup section */
		07F26CAF15D6BA6C0080F9B6 = {
			isa = PBXGroup;
			children = (
				07F26CC415D6BA6C0080F9B6 /* NSDateSumple */,
				07F26CBD15D6BA6C0080F9B6 /* Frameworks */,
				07F26CBB15D6BA6C0080F9B6 /* Products */,
			);
			sourceTree = "<group>";
		};
		07F26CBB15D6BA6C0080F9B6 /* Products */ = {
			isa = PBXGroup;
			children = (
				07F26CBA15D6BA6C0080F9B6 /* NSDateSumple.app */,
			);
			name = Products;
			sourceTree = "<group>";
		};
		07F26CBD15D6BA6C0080F9B6 /* Frameworks */ = {
			isa = PBXGroup;
			children = (
				07F26CBE15D6BA6C0080F9B6 /* UIKit.framework */,
				07F26CC015D6BA6C0080F9B6 /* Foundation.framework */,
				07F26CC215D6BA6C0080F9B6 /* CoreGraphics.framework */,
			);
			name = Frameworks;
			sourceTree = "<group>";
		};
		07F26CC415D6BA6C0080F9B6 /* NSDateSumple */ = {
			isa = PBXGroup;
			children = (
				07F26CCD15D6BA6C0080F9B6 /* AppDelegate.h */,
				07F26CCE15D6BA6C0080F9B6 /* AppDelegate.m */,
				07F26CD015D6BA6C0080F9B6 /* MainStoryboard.storyboard */,
				07F26CDE15D6BDAF0080F9B6 /* TableViewController.h */,
				07F26CDF15D6BDAF0080F9B6 /* TableViewController.m */,
				07F26CC515D6BA6C0080F9B6 /* Supporting Files */,
			);
			path = NSDateSumple;
			sourceTree = "<group>";
		};
		07F26CC515D6BA6C0080F9B6 /* Supporting Files */ = {
			isa = PBXGroup;
			children = (
				07F26CC615D6BA6C0080F9B6 /* NSDateSumple-Info.plist */,
				07F26CC715D6BA6C0080F9B6 /* InfoPlist.strings */,
				07F26CCA15D6BA6C0080F9B6 /* main.m */,
				07F26CCC15D6BA6C0080F9B6 /* NSDateSumple-Prefix.pch */,
			);
			name = "Supporting Files";
			sourceTree = "<group>";
		};
/* End PBXGroup section */

/* Begin PBXNativeTarget section */
		07F26CB915D6BA6C0080F9B6 /* NSDateSumple */ = {
			isa = PBXNativeTarget;
			buildConfigurationList = 07F26CD815D6BA6C0080F9B6 /* Build configuration list for PBXNativeTarget "NSDateSumple" */;
			buildPhases = (
				07F26CB615D6BA6C0080F9B6 /* Sources */,
				07F26CB715D6BA6C0080F9B6 /* Frameworks */,
				07F26CB815D6BA6C0080F9B6 /* Resources */,
			);
			buildRules = (
			);
			dependencies = (
			);
			name = NSDateSumple;
			productName = NSDateSumple;
			productReference = 07F26CBA15D6BA6C0080F9B6 /* NSDateSumple.app */;
			productType = "com.apple.product-type.application";
		};
/* End PBXNativeTarget section */

/* Begin PBXProject section */
		07F26CB115D6BA6C0080F9B6 /* Project object */ = {
			isa = PBXProject;
			attributes = {
				LastUpgradeCheck = 0430;
			};
			buildConfigurationList = 07F26CB415D6BA6C0080F9B6 /* Build configuration list for PBXProject "NSDateSumple" */;
			compatibilityVersion = "Xcode 3.2";
			developmentRegion = English;
			hasScannedForEncodings = 0;
			knownRegions = (
				en,
			);
			mainGroup = 07F26CAF15D6BA6C0080F9B6;
			productRefGroup = 07F26CBB15D6BA6C0080F9B6 /* Products */;
			projectDirPath = "";
			projectRoot = "";
			targets = (
				07F26CB915D6BA6C0080F9B6 /* NSDateSumple */,
			);
		};
/* End PBXProject section */

/* Begin PBXResourcesBuildPhase section */
		07F26CB815D6BA6C0080F9B6 /* Resources */ = {
			isa = PBXResourcesBuildPhase;
			buildActionMask = 2147483647;
			files = (
				07F26CC915D6BA6C0080F9B6 /* InfoPlist.strings in Resources */,
				07F26CD215D6BA6C0080F9B6 /* MainStoryboard.storyboard in Resources */,
			);
			runOnlyForDeploymentPostprocessing = 0;
		};
/* End PBXResourcesBuildPhase section */

/* Begin PBXSourcesBuildPhase section */
		07F26CB615D6BA6C0080F9B6 /* Sources */ = {
			isa = PBXSourcesBuildPhase;
			buildActionMask = 2147483647;
			files = (
				07F26CCB15D6BA6C0080F9B6 /* main.m in Sources */,
				07F26CCF15D6BA6C0080F9B6 /* AppDelegate.m in Sources */,
				07F26CE015D6BDAF0080F9B6 /* TableViewController.m in Sources */,
			);
			runOnlyForDeploymentPostprocessing = 0;
		};
/* End PBXSourcesBuildPhase section */

/* Begin PBXVariantGroup section */
		07F26CC715D6BA6C0080F9B6 /* InfoPlist.strings */ = {
			isa = PBXVariantGroup;
			children = (
				07F26CC815D6BA6C0080F9B6 /* en */,
			);
			name = InfoPlist.strings;
			sourceTree = "<group>";
		};
		07F26CD015D6BA6C0080F9B6 /* MainStoryboard.storyboard */ = {
			isa = PBXVariantGroup;
			children = (
				07F26CD115D6BA6C0080F9B6 /* en */,
			);
			name = MainStoryboard.storyboard;
			sourceTree = "<group>";
		};
/* End PBXVariantGroup section */

/* Begin XCBuildConfiguration section */
		07F26CD615D6BA6C0080F9B6 /* Debug */ = {
			isa = XCBuildConfiguration;
			buildSettings = {
				ALWAYS_SEARCH_USER_PATHS = NO;
				ARCHS = "$(ARCHS_STANDARD_32_BIT)";
				CLANG_ENABLE_OBJC_ARC = YES;
				"CODE_SIGN_IDENTITY[sdk=iphoneos*]" = "iPhone Developer";
				COPY_PHASE_STRIP = NO;
				GCC_C_LANGUAGE_STANDARD = gnu99;
				GCC_DYNAMIC_NO_PIC = NO;
				GCC_OPTIMIZATION_LEVEL = 0;
				GCC_PREPROCESSOR_DEFINITIONS = (
					"DEBUG=1",
					"$(inherited)",
				);
				GCC_SYMBOLS_PRIVATE_EXTERN = NO;
				GCC_VERSION = com.apple.compilers.llvm.clang.1_0;
				GCC_WARN_ABOUT_RETURN_TYPE = YES;
				GCC_WARN_UNINITIALIZED_AUTOS = YES;
				GCC_WARN_UNUSED_VARIABLE = YES;
				IPHONEOS_DEPLOYMENT_TARGET = 5.1;
				SDKROOT = iphoneos;
			};
			name = Debug;
		};
		07F26CD715D6BA6C0080F9B6 /* Release */ = {
			isa = XCBuildConfiguration;
			buildSettings = {
				ALWAYS_SEARCH_USER_PATHS = NO;
				ARCHS = "$(ARCHS_STANDARD_32_BIT)";
				CLANG_ENABLE_OBJC_ARC = YES;
				"CODE_SIGN_IDENTITY[sdk=iphoneos*]" = "iPhone Developer";
				COPY_PHASE_STRIP = YES;
				GCC_C_LANGUAGE_STANDARD = gnu99;
				GCC_VERSION = com.apple.compilers.llvm.clang.1_0;
				GCC_WARN_ABOUT_RETURN_TYPE = YES;
				GCC_WARN_UNINITIALIZED_AUTOS = YES;
				GCC_WARN_UNUSED_VARIABLE = YES;
				IPHONEOS_DEPLOYMENT_TARGET = 5.1;
				OTHER_CFLAGS = "-DNS_BLOCK_ASSERTIONS=1";
				SDKROOT = iphoneos;
				VALIDATE_PRODUCT = YES;
			};
			name = Release;
		};
		07F26CD915D6BA6C0080F9B6 /* Debug */ = {
			isa = XCBuildConfiguration;
			buildSettings = {
				GCC_PRECOMPILE_PREFIX_HEADER = YES;
				GCC_PREFIX_HEADER = "NSDateSumple/NSDateSumple-Prefix.pch";
				INFOPLIST_FILE = "NSDateSumple/NSDateSumple-Info.plist";
				PRODUCT_NAME = "$(TARGET_NAME)";
				WRAPPER_EXTENSION = app;
			};
			name = Debug;
		};
		07F26CDA15D6BA6C0080F9B6 /* Release */ = {
			isa = XCBuildConfiguration;
			buildSettings = {
				GCC_PRECOMPILE_PREFIX_HEADER = YES;
				GCC_PREFIX_HEADER = "NSDateSumple/NSDateSumple-Prefix.pch";
				INFOPLIST_FILE = "NSDateSumple/NSDateSumple-Info.plist";
				PRODUCT_NAME = "$(TARGET_NAME)";
				WRAPPER_EXTENSION = app;
			};
			name = Release;
		};
/* End XCBuildConfiguration section */

/* Begin XCConfigurationList section */
		07F26CB415D6BA6C0080F9B6 /* Build configuration list for PBXProject "NSDateSumple" */ = {
			isa = XCConfigurationList;
			buildConfigurations = (
				07F26CD615D6BA6C0080F9B6 /* Debug */,
				07F26CD715D6BA6C0080F9B6 /* Release */,
			);
			defaultConfigurationIsVisible = 0;
			defaultConfigurationName = Release;
		};
		07F26CD815D6BA6C0080F9B6 /* Build configuration list for PBXNativeTarget "NSDateSumple" */ = {
			isa = XCConfigurationList;
			buildConfigurations = (
				07F26CD915D6BA6C0080F9B6 /* Debug */,
				07F26CDA15D6BA6C0080F9B6 /* Release */,
			);
			defaultConfigurationIsVisible = 0;
		};
/* End XCConfigurationList section */
	};
	rootObject = 07F26CB115D6BA6C0080F9B6 /* Project object */;
}
